
Microsoft Visual Studio Solution File, Format Version 12.00
# Visual Studio 2013
VisualStudioVersion = 12.0.30501.0
MinimumVisualStudioVersion = 10.0.40219.1
Project("{8BC9CEB8-8B4A-11D0-8D11-00A0C91BC942}") = "szyfr P JMP 2", "szyfr P JMP 2\szyfr P JMP 2.vcxproj", "{6548E3B9-A8B3-4BCE-8371-9C76FD6E148C}"
EndProject
Global
	GlobalSection(SolutionConfigurationPlatforms) = preSolution
		Debug|Win32 = Debug|Win32
		Release|Win32 = Release|Win32
	EndGlobalSection
	GlobalSection(ProjectConfigurationPlatforms) = postSolution
		{6548E3B9-A8B3-4BCE-8371-9C76FD6E148C}.Debug|Win32.ActiveCfg = Debug|Win32
		{6548E3B9-A8B3-4BCE-8371-9C76FD6E148C}.Debug|Win32.Build.0 = Debug|Win32
		{6548E3B9-A8B3-4BCE-8371-9C76FD6E148C}.Release|Win32.ActiveCfg = Release|Win32
		{6548E3B9-A8B3-4BCE-8371-9C76FD6E148C}.Release|Win32.Build.0 = Release|Win32
	EndGlobalSection
	GlobalSection(SolutionProperties) = preSolution
		HideSolutionNode = FALSE
	EndGlobalSection
EndGlobal
